
Microsoft Visual Studio Solution File, Format Version 12.00
# Visual Studio Version 17
VisualStudioVersion = 17.0.31903.59
MinimumVisualStudioVersion = 10.0.40219.1
Project("{FAE04EC0-301F-11D3-BF4B-00C04F79EFBC}") = "MotoAdvisor.Core", "MotoAdvisor.Core\MotoAdvisor.Core.csproj", "{21BD8A68-A93F-47DB-B7E9-35327BE9905B}"
EndProject
Project("{FAE04EC0-301F-11D3-BF4B-00C04F79EFBC}") = "MotoAdvisor.Infrastructure", "MotoAdvisor.Infrastructure\MotoAdvisor.Infrastructure.csproj", "{4F8C6C1E-50F1-4CAA-91D7-62CFA3CA540D}"
EndProject
Project("{FAE04EC0-301F-11D3-BF4B-00C04F79EFBC}") = "MotoAdvisor.API", "MotoAdvisor.API\MotoAdvisor.API.csproj", "{1FE13FBA-DB83-4D06-8973-21F4538B8D1D}"
EndProject
Global
	GlobalSection(SolutionConfigurationPlatforms) = preSolution
		Debug|Any CPU = Debug|Any CPU
		Release|Any CPU = Release|Any CPU
	EndGlobalSection
	GlobalSection(SolutionProperties) = preSolution
		HideSolutionNode = FALSE
	EndGlobalSection
	GlobalSection(ProjectConfigurationPlatforms) = postSolution
		{21BD8A68-A93F-47DB-B7E9-35327BE9905B}.Debug|Any CPU.ActiveCfg = Debug|Any CPU
		{21BD8A68-A93F-47DB-B7E9-35327BE9905B}.Debug|Any CPU.Build.0 = Debug|Any CPU
		{21BD8A68-A93F-47DB-B7E9-35327BE9905B}.Release|Any CPU.ActiveCfg = Release|Any CPU
		{21BD8A68-A93F-47DB-B7E9-35327BE9905B}.Release|Any CPU.Build.0 = Release|Any CPU
		{4F8C6C1E-50F1-4CAA-91D7-62CFA3CA540D}.Debug|Any CPU.ActiveCfg = Debug|Any CPU
		{4F8C6C1E-50F1-4CAA-91D7-62CFA3CA540D}.Debug|Any CPU.Build.0 = Debug|Any CPU
		{4F8C6C1E-50F1-4CAA-91D7-62CFA3CA540D}.Release|Any CPU.ActiveCfg = Release|Any CPU
		{4F8C6C1E-50F1-4CAA-91D7-62CFA3CA540D}.Release|Any CPU.Build.0 = Release|Any CPU
		{1FE13FBA-DB83-4D06-8973-21F4538B8D1D}.Debug|Any CPU.ActiveCfg = Debug|Any CPU
		{1FE13FBA-DB83-4D06-8973-21F4538B8D1D}.Debug|Any CPU.Build.0 = Debug|Any CPU
		{1FE13FBA-DB83-4D06-8973-21F4538B8D1D}.Release|Any CPU.ActiveCfg = Release|Any CPU
		{1FE13FBA-DB83-4D06-8973-21F4538B8D1D}.Release|Any CPU.Build.0 = Release|Any CPU
	EndGlobalSection
EndGlobal
